
Microsoft Visual Studio Solution File, Format Version 12.00
# Visual Studio Version 17
VisualStudioVersion = 17.8.34316.72
MinimumVisualStudioVersion = 10.0.40219.1
Project("{FAE04EC0-301F-11D3-BF4B-00C04F79EFBC}") = "ShareFromMobile", "ShareFromMobile\ShareFromMobile.csproj", "{93207984-C4D8-4853-B42E-131E8EFFC7AE}"
EndProject
Global
	GlobalSection(SolutionConfigurationPlatforms) = preSolution
		Debug|Any CPU = Debug|Any CPU
		Release|Any CPU = Release|Any CPU
	EndGlobalSection
	GlobalSection(ProjectConfigurationPlatforms) = postSolution
		{93207984-C4D8-4853-B42E-131E8EFFC7AE}.Debug|Any CPU.ActiveCfg = Debug|Any CPU
		{93207984-C4D8-4853-B42E-131E8EFFC7AE}.Debug|Any CPU.Build.0 = Debug|Any CPU
		{93207984-C4D8-4853-B42E-131E8EFFC7AE}.Debug|Any CPU.Deploy.0 = Debug|Any CPU
		{93207984-C4D8-4853-B42E-131E8EFFC7AE}.Release|Any CPU.ActiveCfg = Release|Any CPU
		{93207984-C4D8-4853-B42E-131E8EFFC7AE}.Release|Any CPU.Build.0 = Release|Any CPU
		{93207984-C4D8-4853-B42E-131E8EFFC7AE}.Release|Any CPU.Deploy.0 = Release|Any CPU
	EndGlobalSection
	GlobalSection(SolutionProperties) = preSolution
		HideSolutionNode = FALSE
	EndGlobalSection
	GlobalSection(ExtensibilityGlobals) = postSolution
		SolutionGuid = {E82FB19E-0477-486A-BBCF-B54D8D35F1D0}
	EndGlobalSection
EndGlobal
